{
  "version": 4,
  "terraform_version": "1.14.8",
  "serial": 3,
  "lineage": "68aeede5-713d-27b4-a0bc-b9cc9da3112f",
  "outputs": {},
  "resources": [
    {
      "mode": "data",
      "type": "archive_file",
      "name": "lambda_zip",
      "provider": "provider[\"registry.terraform.io/hashicorp/archive\"]",
      "instances": [
        {
          "schema_version": 0,
          "attributes": {
            "exclude_symlink_directories": null,
            "excludes": null,
            "id": "2eac3affabf6419cf15e3e0267989c2529ae511d",
            "output_base64sha256": "SvLdD3Oa9bHxdbgBbP/4/RB0lzBODAfTonyc5dDMD7o=",
            "output_base64sha512": "qQaU0FJ4fktDOxNVy0T+wonOAh5vnjmywtiFCd+2RhJ7o8xhg0Woxv7xfxNwm9nlqng8K1zenVDom98qp+/7/g==",
            "output_file_mode": null,
            "output_md5": "2d42ba174e914126c894a880ecd37137",
            "output_path": "hello_function.zip",
            "output_sha": "2eac3affabf6419cf15e3e0267989c2529ae511d",
            "output_sha256": "4af2dd0f739af5b1f175b8016cfff8fd107497304e0c07d3a27c9ce5d0cc0fba",
            "output_sha512": "a90694d052787e4b433b1355cb44fec289ce021e6f9e39b2c2d88509dfb646127ba3cc618345a8c6fef17f13709bd9e5aa783c2b5cde9d50e89bdf2aa7effbfe",
            "output_size": 253,
            "source": [],
            "source_content": null,
            "source_content_filename": null,
            "source_dir": null,
            "source_file": "pjrhello.py",
            "type": "zip"
          },
          "sensitive_attributes": [],
          "identity_schema_version": 0
        }
      ]
    },
    {
      "mode": "managed",
      "type": "aws_iam_role",
      "name": "PJriamlamda",
      "provider": "provider[\"registry.terraform.io/hashicorp/aws\"]",
      "instances": [
        {
          "schema_version": 0,
          "attributes": {
            "arn": "arn:aws:iam::009806198748:role/my_lambda_function",
            "assume_role_policy": "{\"Statement\":[{\"Action\":\"sts:AssumeRole\",\"Effect\":\"Allow\",\"Principal\":{\"Service\":\"lambda.amazonaws.com\"},\"Sid\":\"\"}],\"Version\":\"2012-10-17\"}",
            "create_date": "2026-04-22T15:13:37Z",
            "description": "",
            "force_detach_policies": false,
            "id": "my_lambda_function",
            "inline_policy": [],
            "managed_policy_arns": [],
            "max_session_duration": 3600,
            "name": "my_lambda_function",
            "name_prefix": "",
            "path": "/",
            "permissions_boundary": "",
            "tags": null,
            "tags_all": {},
            "unique_id": "AROAQESD6W7OIR5VZ5QUY"
          },
          "sensitive_attributes": [],
          "identity_schema_version": 0,
          "private": "bnVsbA=="
        }
      ]
    },
    {
      "mode": "managed",
      "type": "aws_lambda_function",
      "name": "pjr_function",
      "provider": "provider[\"registry.terraform.io/hashicorp/aws\"]",
      "instances": [
        {
          "schema_version": 0,
          "attributes": {
            "architectures": [
              "x86_64"
            ],
            "arn": "arn:aws:lambda:us-east-1:009806198748:function:pjrfunctionone",
            "code_sha256": "SvLdD3Oa9bHxdbgBbP/4/RB0lzBODAfTonyc5dDMD7o=",
            "code_signing_config_arn": "",
            "dead_letter_config": [],
            "description": "",
            "environment": [],
            "ephemeral_storage": [
              {
                "size": 512
              }
            ],
            "file_system_config": [],
            "filename": "hello_function.zip",
            "function_name": "pjrfunctionone",
            "handler": "pjrhello.lamda_handler",
            "id": "pjrfunctionone",
            "image_config": [],
            "image_uri": "",
            "invoke_arn": "arn:aws:apigateway:us-east-1:lambda:path/2015-03-31/functions/arn:aws:lambda:us-east-1:009806198748:function:pjrfunctionone/invocations",
            "kms_key_arn": "",
            "last_modified": "2026-04-22T15:13:46.929+0000",
            "layers": null,
            "logging_config": [
              {
                "application_log_level": "",
                "log_format": "Text",
                "log_group": "/aws/lambda/pjrfunctionone",
                "system_log_level": ""
              }
            ],
            "memory_size": 128,
            "package_type": "Zip",
            "publish": false,
            "qualified_arn": "arn:aws:lambda:us-east-1:009806198748:function:pjrfunctionone:$LATEST",
            "qualified_invoke_arn": "arn:aws:apigateway:us-east-1:lambda:path/2015-03-31/functions/arn:aws:lambda:us-east-1:009806198748:function:pjrfunctionone:$LATEST/invocations",
            "replace_security_groups_on_destroy": null,
            "replacement_security_group_ids": null,
            "reserved_concurrent_executions": -1,
            "role": "arn:aws:iam::009806198748:role/my_lambda_function",
            "runtime": "python3.12",
            "s3_bucket": null,
            "s3_key": null,
            "s3_object_version": null,
            "signing_job_arn": "",
            "signing_profile_version_arn": "",
            "skip_destroy": false,
            "snap_start": [],
            "source_code_hash": "SvLdD3Oa9bHxdbgBbP/4/RB0lzBODAfTonyc5dDMD7o=",
            "source_code_size": 253,
            "tags": null,
            "tags_all": {},
            "timeout": 3,
            "timeouts": null,
            "tracing_config": [
              {
                "mode": "PassThrough"
              }
            ],
            "version": "$LATEST",
            "vpc_config": []
          },
          "sensitive_attributes": [],
          "identity_schema_version": 0,
          "private": "eyJlMmJmYjczMC1lY2FhLTExZTYtOGY4OC0zNDM2M2JjN2M0YzAiOnsiY3JlYXRlIjo2MDAwMDAwMDAwMDAsImRlbGV0ZSI6NjAwMDAwMDAwMDAwLCJ1cGRhdGUiOjYwMDAwMDAwMDAwMH19",
          "dependencies": [
            "aws_iam_role.PJriamlamda",
            "data.archive_file.lambda_zip"
          ]
        }
      ]
    }
  ],
  "check_results": null
}
